// !$*UTF8*$!
{
	archiveVersion = 1;
	classes = {
	};
	objectVersion = 50;
	objects = {

/* Begin PBXBuildFile section */
		00B77F9716CCE556DDE06CFD /* Pods_lsgram.framework in Frameworks */ = {isa = PBXBuildFile; fileRef = E1BB5D3737F7F0AF1C52694B /* Pods_lsgram.framework */; };
		65159B5D21A05AE200DAE44C /* AppDelegate.swift in Sources */ = {isa = PBXBuildFile; fileRef = 65159B5C21A05AE200DAE44C /* AppDelegate.swift */; };
		65159B5F21A05AE200DAE44C /* PostViewController.swift in Sources */ = {isa = PBXBuildFile; fileRef = 65159B5E21A05AE200DAE44C /* PostViewController.swift */; };
		65159B6221A05AE200DAE44C /* Main.storyboard in Resources */ = {isa = PBXBuildFile; fileRef = 65159B6021A05AE200DAE44C /* Main.storyboard */; };
		65159B6421A05AE300DAE44C /* Assets.xcassets in Resources */ = {isa = PBXBuildFile; fileRef = 65159B6321A05AE300DAE44C /* Assets.xcassets */; };
		65159B6721A05AE300DAE44C /* LaunchScreen.storyboard in Resources */ = {isa = PBXBuildFile; fileRef = 65159B6521A05AE300DAE44C /* LaunchScreen.storyboard */; };
		65162A5321D6C0E0007A3BFF /* FollowingRefresh.swift in Sources */ = {isa = PBXBuildFile; fileRef = 65162A5221D6C0E0007A3BFF /* FollowingRefresh.swift */; };
		65162A5521D6C14B007A3BFF /* FollowingList.swift in Sources */ = {isa = PBXBuildFile; fileRef = 65162A5421D6C14B007A3BFF /* FollowingList.swift */; };
		65162A5721D6D801007A3BFF /* FollowSubscriber.swift in Sources */ = {isa = PBXBuildFile; fileRef = 65162A5621D6D801007A3BFF /* FollowSubscriber.swift */; };
		651990B821D80ADE00256EC9 /* PostMapPoint.swift in Sources */ = {isa = PBXBuildFile; fileRef = 651990B721D80ADE00256EC9 /* PostMapPoint.swift */; };
		6568856021D66C630031EF66 /* NoInternetCellController.swift in Sources */ = {isa = PBXBuildFile; fileRef = 6568855F21D66C630031EF66 /* NoInternetCellController.swift */; };
		657F74B021D4CEF00002B90B /* RecentPostsController.swift in Sources */ = {isa = PBXBuildFile; fileRef = 657F74AF21D4CEF00002B90B /* RecentPostsController.swift */; };
		657F74B421D4D00E0002B90B /* PostCellController.swift in Sources */ = {isa = PBXBuildFile; fileRef = 657F74B321D4D00E0002B90B /* PostCellController.swift */; };
		65A6789821D3763B00EB72AE /* LSGram.swift in Sources */ = {isa = PBXBuildFile; fileRef = 65A6789721D3763B00EB72AE /* LSGram.swift */; };
		65A6789A21D3785000EB72AE /* RequestHandler.swift in Sources */ = {isa = PBXBuildFile; fileRef = 65A6789921D3785000EB72AE /* RequestHandler.swift */; };
		65A6789C21D381EA00EB72AE /* UIViewController+Alert.swift in Sources */ = {isa = PBXBuildFile; fileRef = 65A6789B21D381EA00EB72AE /* UIViewController+Alert.swift */; };
		65CFF5D321D784E7006763D8 /* RecentPostsController+Util.swift in Sources */ = {isa = PBXBuildFile; fileRef = 65CFF5D221D784E7006763D8 /* RecentPostsController+Util.swift */; };
		65CFF5D521D7866F006763D8 /* UIStackView+Util.swift in Sources */ = {isa = PBXBuildFile; fileRef = 65CFF5D421D7866F006763D8 /* UIStackView+Util.swift */; };
		65F3454721DD1DDE006C1921 /* SettingsThingView.swift in Sources */ = {isa = PBXBuildFile; fileRef = 65F3454621DD1DDE006C1921 /* SettingsThingView.swift */; };
		65F3E07E21D63F7F0036B620 /* Imgur.swift in Sources */ = {isa = PBXBuildFile; fileRef = 65F3E07D21D63F7F0036B620 /* Imgur.swift */; };
		C303F01421D2CE1B00892EB4 /* LoginAccessViewController.swift in Sources */ = {isa = PBXBuildFile; fileRef = C303F01321D2CE1B00892EB4 /* LoginAccessViewController.swift */; };
		C303F01821D2DAEB00892EB4 /* LoginViewController.swift in Sources */ = {isa = PBXBuildFile; fileRef = C303F01721D2DAEB00892EB4 /* LoginViewController.swift */; };
		C303F01A21D2DB0F00892EB4 /* RegisterViewController.swift in Sources */ = {isa = PBXBuildFile; fileRef = C303F01921D2DB0F00892EB4 /* RegisterViewController.swift */; };
		C30654FC21DBEBD400B9235B /* UIView+Tap.swift in Sources */ = {isa = PBXBuildFile; fileRef = C30654FB21DBEBD400B9235B /* UIView+Tap.swift */; };
		C30654FE21DD02DE00B9235B /* UIImage+Orientation.swift in Sources */ = {isa = PBXBuildFile; fileRef = C30654FD21DD02DE00B9235B /* UIImage+Orientation.swift */; };
		C30654FF21DD454600B9235B /* Login.storyboard in Resources */ = {isa = PBXBuildFile; fileRef = C306550121DD454600B9235B /* Login.storyboard */; };
		C306550221DD455300B9235B /* Access.storyboard in Resources */ = {isa = PBXBuildFile; fileRef = C306550421DD455300B9235B /* Access.storyboard */; };
		C306551321DD49CD00B9235B /* Localizable.strings in Resources */ = {isa = PBXBuildFile; fileRef = C306551521DD49CD00B9235B /* Localizable.strings */; };
		C306551821DD4A7300B9235B /* String+Localize.swift in Sources */ = {isa = PBXBuildFile; fileRef = C306551721DD4A7300B9235B /* String+Localize.swift */; };
		C347CAF821D4F768003FDF3D /* MapViewController.swift in Sources */ = {isa = PBXBuildFile; fileRef = C347CAF721D4F768003FDF3D /* MapViewController.swift */; };
		C347CAFA21D53CC9003FDF3D /* MapViewController+Location.swift in Sources */ = {isa = PBXBuildFile; fileRef = C347CAF921D53CC9003FDF3D /* MapViewController+Location.swift */; };
		C347CAFC21D5544D003FDF3D /* PostDetailsViewController.swift in Sources */ = {isa = PBXBuildFile; fileRef = C347CAFB21D5544D003FDF3D /* PostDetailsViewController.swift */; };
		C347CAFE21D57CD0003FDF3D /* PostDetailsViewController+Location.swift in Sources */ = {isa = PBXBuildFile; fileRef = C347CAFD21D57CD0003FDF3D /* PostDetailsViewController+Location.swift */; };
		C347CB0921D5902B003FDF3D /* PostList.swift in Sources */ = {isa = PBXBuildFile; fileRef = C347CB0521D5902B003FDF3D /* PostList.swift */; };
		C347CB0A21D5902B003FDF3D /* CachedPost+PostItem.swift in Sources */ = {isa = PBXBuildFile; fileRef = C347CB0621D5902B003FDF3D /* CachedPost+PostItem.swift */; };
		C347CB0B21D5902B003FDF3D /* PostItem.swift in Sources */ = {isa = PBXBuildFile; fileRef = C347CB0721D5902B003FDF3D /* PostItem.swift */; };
		C347CB0C21D5902B003FDF3D /* PostJSON.swift in Sources */ = {isa = PBXBuildFile; fileRef = C347CB0821D5902B003FDF3D /* PostJSON.swift */; };
		C347CB1221D591CF003FDF3D /* lsgram.xcdatamodeld in Sources */ = {isa = PBXBuildFile; fileRef = C347CB1021D591CF003FDF3D /* lsgram.xcdatamodeld */; };
		C3A4DDD421D1328700B43DF8 /* AccessViewController.swift in Sources */ = {isa = PBXBuildFile; fileRef = C3A4DDD321D1328700B43DF8 /* AccessViewController.swift */; };
		C3B99D1121D7EC25005B9A37 /* CameraViewController.swift in Sources */ = {isa = PBXBuildFile; fileRef = C3B99D1021D7EC25005B9A37 /* CameraViewController.swift */; };
		C3B99D1321D82B8E005B9A37 /* PreviewViewController.swift in Sources */ = {isa = PBXBuildFile; fileRef = C3B99D1221D82B8E005B9A37 /* PreviewViewController.swift */; };
		C3B99D1821D834D9005B9A37 /* MorePhotosListener.swift in Sources */ = {isa = PBXBuildFile; fileRef = C3B99D1721D834D9005B9A37 /* MorePhotosListener.swift */; };
		C3C6386721D374F600CA2CF6 /* Pacifico.ttf in Resources */ = {isa = PBXBuildFile; fileRef = C3C6386621D374F600CA2CF6 /* Pacifico.ttf */; };
		C3CDBAE321D94E2E000AD57B /* RefreshListener.swift in Sources */ = {isa = PBXBuildFile; fileRef = C3CDBAE221D94E2E000AD57B /* RefreshListener.swift */; };
/* End PBXBuildFile section */

/* Begin PBXFileReference section */
		5A2D3A6805C98F5DB632DD93 /* Pods-lsgram.debug.xcconfig */ = {isa = PBXFileReference; includeInIndex = 1; lastKnownFileType = text.xcconfig; name = "Pods-lsgram.debug.xcconfig"; path = "Pods/Target Support Files/Pods-lsgram/Pods-lsgram.debug.xcconfig"; sourceTree = "<group>"; };
		65159B5921A05AE200DAE44C /* lsgram.app */ = {isa = PBXFileReference; explicitFileType = wrapper.application; includeInIndex = 0; path = lsgram.app; sourceTree = BUILT_PRODUCTS_DIR; };
		65159B5C21A05AE200DAE44C /* AppDelegate.swift */ = {isa = PBXFileReference; lastKnownFileType = sourcecode.swift; path = AppDelegate.swift; sourceTree = "<group>"; };
		65159B5E21A05AE200DAE44C /* PostViewController.swift */ = {isa = PBXFileReference; lastKnownFileType = sourcecode.swift; path = PostViewController.swift; sourceTree = "<group>"; };
		65159B6121A05AE200DAE44C /* Base */ = {isa = PBXFileReference; lastKnownFileType = file.storyboard; name = Base; path = Base.lproj/Main.storyboard; sourceTree = "<group>"; };
		65159B6321A05AE300DAE44C /* Assets.xcassets */ = {isa = PBXFileReference; lastKnownFileType = folder.assetcatalog; path = Assets.xcassets; sourceTree = "<group>"; };
		65159B6621A05AE300DAE44C /* Base */ = {isa = PBXFileReference; lastKnownFileType = file.storyboard; name = Base; path = Base.lproj/LaunchScreen.storyboard; sourceTree = "<group>"; };
		65159B6821A05AE300DAE44C /* Info.plist */ = {isa = PBXFileReference; lastKnownFileType = text.plist.xml; path = Info.plist; sourceTree = "<group>"; };
		65162A5221D6C0E0007A3BFF /* FollowingRefresh.swift */ = {isa = PBXFileReference; lastKnownFileType = sourcecode.swift; path = FollowingRefresh.swift; sourceTree = "<group>"; };
		65162A5421D6C14B007A3BFF /* FollowingList.swift */ = {isa = PBXFileReference; lastKnownFileType = sourcecode.swift; path = FollowingList.swift; sourceTree = "<group>"; };
		65162A5621D6D801007A3BFF /* FollowSubscriber.swift */ = {isa = PBXFileReference; lastKnownFileType = sourcecode.swift; path = FollowSubscriber.swift; sourceTree = "<group>"; };
		651990B721D80ADE00256EC9 /* PostMapPoint.swift */ = {isa = PBXFileReference; lastKnownFileType = sourcecode.swift; path = PostMapPoint.swift; sourceTree = "<group>"; };
		6568855F21D66C630031EF66 /* NoInternetCellController.swift */ = {isa = PBXFileReference; lastKnownFileType = sourcecode.swift; path = NoInternetCellController.swift; sourceTree = "<group>"; };
		657F74AF21D4CEF00002B90B /* RecentPostsController.swift */ = {isa = PBXFileReference; lastKnownFileType = sourcecode.swift; path = RecentPostsController.swift; sourceTree = "<group>"; };
		657F74B321D4D00E0002B90B /* PostCellController.swift */ = {isa = PBXFileReference; lastKnownFileType = sourcecode.swift; path = PostCellController.swift; sourceTree = "<group>"; };
		65A6789721D3763B00EB72AE /* LSGram.swift */ = {isa = PBXFileReference; lastKnownFileType = sourcecode.swift; path = LSGram.swift; sourceTree = "<group>"; };
		65A6789921D3785000EB72AE /* RequestHandler.swift */ = {isa = PBXFileReference; lastKnownFileType = sourcecode.swift; path = RequestHandler.swift; sourceTree = "<group>"; };
		65A6789B21D381EA00EB72AE /* UIViewController+Alert.swift */ = {isa = PBXFileReference; lastKnownFileType = sourcecode.swift; path = "UIViewController+Alert.swift"; sourceTree = "<group>"; };
		65CFF5D221D784E7006763D8 /* RecentPostsController+Util.swift */ = {isa = PBXFileReference; lastKnownFileType = sourcecode.swift; path = "RecentPostsController+Util.swift"; sourceTree = "<group>"; };
		65CFF5D421D7866F006763D8 /* UIStackView+Util.swift */ = {isa = PBXFileReference; lastKnownFileType = sourcecode.swift; path = "UIStackView+Util.swift"; sourceTree = "<group>"; };
		65F3454621DD1DDE006C1921 /* SettingsThingView.swift */ = {isa = PBXFileReference; lastKnownFileType = sourcecode.swift; path = SettingsThingView.swift; sourceTree = "<group>"; };
		65F3E07D21D63F7F0036B620 /* Imgur.swift */ = {isa = PBXFileReference; fileEncoding = 4; lastKnownFileType = sourcecode.swift; path = Imgur.swift; sourceTree = "<group>"; };
		6D31BBA54480D54F5E934FCC /* Pods-lsgram.release.xcconfig */ = {isa = PBXFileReference; includeInIndex = 1; lastKnownFileType = text.xcconfig; name = "Pods-lsgram.release.xcconfig"; path = "Pods/Target Support Files/Pods-lsgram/Pods-lsgram.release.xcconfig"; sourceTree = "<group>"; };
		C303F01321D2CE1B00892EB4 /* LoginAccessViewController.swift */ = {isa = PBXFileReference; lastKnownFileType = sourcecode.swift; path = LoginAccessViewController.swift; sourceTree = "<group>"; };
		C303F01721D2DAEB00892EB4 /* LoginViewController.swift */ = {isa = PBXFileReference; lastKnownFileType = sourcecode.swift; path = LoginViewController.swift; sourceTree = "<group>"; };
		C303F01921D2DB0F00892EB4 /* RegisterViewController.swift */ = {isa = PBXFileReference; lastKnownFileType = sourcecode.swift; path = RegisterViewController.swift; sourceTree = "<group>"; };
		C30654FB21DBEBD400B9235B /* UIView+Tap.swift */ = {isa = PBXFileReference; lastKnownFileType = sourcecode.swift; path = "UIView+Tap.swift"; sourceTree = "<group>"; };
		C30654FD21DD02DE00B9235B /* UIImage+Orientation.swift */ = {isa = PBXFileReference; lastKnownFileType = sourcecode.swift; path = "UIImage+Orientation.swift"; sourceTree = "<group>"; };
		C306550021DD454600B9235B /* Base */ = {isa = PBXFileReference; lastKnownFileType = file.storyboard; name = Base; path = Base.lproj/Login.storyboard; sourceTree = "<group>"; };
		C306550321DD455300B9235B /* Base */ = {isa = PBXFileReference; lastKnownFileType = file.storyboard; name = Base; path = Base.lproj/Access.storyboard; sourceTree = "<group>"; };
		C306550521DD456700B9235B /* es */ = {isa = PBXFileReference; lastKnownFileType = text.plist.strings; name = es; path = es.lproj/Access.strings; sourceTree = "<group>"; };
		C306550621DD456700B9235B /* es */ = {isa = PBXFileReference; lastKnownFileType = text.plist.strings; name = es; path = es.lproj/Login.strings; sourceTree = "<group>"; };
		C306550721DD456700B9235B /* es */ = {isa = PBXFileReference; lastKnownFileType = text.plist.strings; name = es; path = es.lproj/Main.strings; sourceTree = "<group>"; };
		C306550821DD456800B9235B /* es */ = {isa = PBXFileReference; lastKnownFileType = text.plist.strings; name = es; path = es.lproj/LaunchScreen.strings; sourceTree = "<group>"; };
		C306550A21DD46DE00B9235B /* en */ = {isa = PBXFileReference; lastKnownFileType = text.plist.strings; name = en; path = en.lproj/Main.strings; sourceTree = "<group>"; };
		C306550C21DD46EC00B9235B /* en */ = {isa = PBXFileReference; lastKnownFileType = text.plist.strings; name = en; path = en.lproj/Login.strings; sourceTree = "<group>"; };
		C306550E21DD46F100B9235B /* en */ = {isa = PBXFileReference; lastKnownFileType = text.plist.strings; name = en; path = en.lproj/Access.strings; sourceTree = "<group>"; };
		C306551021DD46F700B9235B /* en */ = {isa = PBXFileReference; lastKnownFileType = text.plist.strings; name = en; path = en.lproj/LaunchScreen.strings; sourceTree = "<group>"; };
		C306551421DD49CD00B9235B /* es */ = {isa = PBXFileReference; lastKnownFileType = text.plist.strings; name = es; path = es.lproj/Localizable.strings; sourceTree = "<group>"; };
		C306551621DD49D000B9235B /* en */ = {isa = PBXFileReference; lastKnownFileType = text.plist.strings; name = en; path = en.lproj/Localizable.strings; sourceTree = "<group>"; };
		C306551721DD4A7300B9235B /* String+Localize.swift */ = {isa = PBXFileReference; lastKnownFileType = sourcecode.swift; path = "String+Localize.swift"; sourceTree = "<group>"; };
		C347CAF721D4F768003FDF3D /* MapViewController.swift */ = {isa = PBXFileReference; lastKnownFileType = sourcecode.swift; path = MapViewController.swift; sourceTree = "<group>"; };
		C347CAF921D53CC9003FDF3D /* MapViewController+Location.swift */ = {isa = PBXFileReference; lastKnownFileType = sourcecode.swift; path = "MapViewController+Location.swift"; sourceTree = "<group>"; };
		C347CAFB21D5544D003FDF3D /* PostDetailsViewController.swift */ = {isa = PBXFileReference; lastKnownFileType = sourcecode.swift; path = PostDetailsViewController.swift; sourceTree = "<group>"; };
		C347CAFD21D57CD0003FDF3D /* PostDetailsViewController+Location.swift */ = {isa = PBXFileReference; lastKnownFileType = sourcecode.swift; path = "PostDetailsViewController+Location.swift"; sourceTree = "<group>"; };
		C347CB0521D5902B003FDF3D /* PostList.swift */ = {isa = PBXFileReference; fileEncoding = 4; lastKnownFileType = sourcecode.swift; path = PostList.swift; sourceTree = "<group>"; };
		C347CB0621D5902B003FDF3D /* CachedPost+PostItem.swift */ = {isa = PBXFileReference; fileEncoding = 4; lastKnownFileType = sourcecode.swift; path = "CachedPost+PostItem.swift"; sourceTree = "<group>"; };
		C347CB0721D5902B003FDF3D /* PostItem.swift */ = {isa = PBXFileReference; fileEncoding = 4; lastKnownFileType = sourcecode.swift; path = PostItem.swift; sourceTree = "<group>"; };
		C347CB0821D5902B003FDF3D /* PostJSON.swift */ = {isa = PBXFileReference; fileEncoding = 4; lastKnownFileType = sourcecode.swift; path = PostJSON.swift; sourceTree = "<group>"; };
		C347CB1121D591CF003FDF3D /* lsgram.xcdatamodel */ = {isa = PBXFileReference; lastKnownFileType = wrapper.xcdatamodel; path = lsgram.xcdatamodel; sourceTree = "<group>"; };
		C3A4DDD321D1328700B43DF8 /* AccessViewController.swift */ = {isa = PBXFileReference; lastKnownFileType = sourcecode.swift; path = AccessViewController.swift; sourceTree = "<group>"; };
		C3B99D1021D7EC25005B9A37 /* CameraViewController.swift */ = {isa = PBXFileReference; lastKnownFileType = sourcecode.swift; path = CameraViewController.swift; sourceTree = "<group>"; };
		C3B99D1221D82B8E005B9A37 /* PreviewViewController.swift */ = {isa = PBXFileReference; lastKnownFileType = sourcecode.swift; path = PreviewViewController.swift; sourceTree = "<group>"; };
		C3B99D1721D834D9005B9A37 /* MorePhotosListener.swift */ = {isa = PBXFileReference; lastKnownFileType = sourcecode.swift; path = MorePhotosListener.swift; sourceTree = "<group>"; };
		C3C6386621D374F600CA2CF6 /* Pacifico.ttf */ = {isa = PBXFileReference; lastKnownFileType = file; path = Pacifico.ttf; sourceTree = "<group>"; };
		C3CDBAE221D94E2E000AD57B /* RefreshListener.swift */ = {isa = PBXFileReference; lastKnownFileType = sourcecode.swift; path = RefreshListener.swift; sourceTree = "<group>"; };
		E1BB5D3737F7F0AF1C52694B /* Pods_lsgram.framework */ = {isa = PBXFileReference; explicitFileType = wrapper.framework; includeInIndex = 0; path = Pods_lsgram.framework; sourceTree = BUILT_PRODUCTS_DIR; };
/* End PBXFileReference section */

/* Begin PBXFrameworksBuildPhase section */
		65159B5621A05AE200DAE44C /* Frameworks */ = {
			isa = PBXFrameworksBuildPhase;
			buildActionMask = 2147483647;
			files = (
				00B77F9716CCE556DDE06CFD /* Pods_lsgram.framework in Frameworks */,
			);
			runOnlyForDeploymentPostprocessing = 0;
		};
/* End PBXFrameworksBuildPhase section */

/* Begin PBXGroup section */
		62D7D374CECEF7ACB22FE9F7 /* Pods */ = {
			isa = PBXGroup;
			children = (
				5A2D3A6805C98F5DB632DD93 /* Pods-lsgram.debug.xcconfig */,
				6D31BBA54480D54F5E934FCC /* Pods-lsgram.release.xcconfig */,
			);
			name = Pods;
			sourceTree = "<group>";
		};
		65159B5021A05AE200DAE44C = {
			isa = PBXGroup;
			children = (
				65159B5B21A05AE200DAE44C /* lsgram */,
				65159B5A21A05AE200DAE44C /* Products */,
				62D7D374CECEF7ACB22FE9F7 /* Pods */,
				DA7A8E7EF43F237BBDE33B7B /* Frameworks */,
			);
			sourceTree = "<group>";
		};
		65159B5A21A05AE200DAE44C /* Products */ = {
			isa = PBXGroup;
			children = (
				65159B5921A05AE200DAE44C /* lsgram.app */,
			);
			name = Products;
			sourceTree = "<group>";
		};
		65159B5B21A05AE200DAE44C /* lsgram */ = {
			isa = PBXGroup;
			children = (
				C347CB1021D591CF003FDF3D /* lsgram.xcdatamodeld */,
				65159B5C21A05AE200DAE44C /* AppDelegate.swift */,
				65159B6321A05AE300DAE44C /* Assets.xcassets */,
				65159B6821A05AE300DAE44C /* Info.plist */,
				C306551521DD49CD00B9235B /* Localizable.strings */,
				C303F01521D2CE2B00892EB4 /* Storyboard */,
				C303F01621D2D1E000892EB4 /* ViewController */,
				C347CB0421D5902B003FDF3D /* Util */,
				65A6789621D3760600EB72AE /* Network */,
				C3B99D1421D833EE005B9A37 /* Listeners */,
				C303F01B21D2EF1100892EB4 /* Extensions */,
				C3C6386521D374A000CA2CF6 /* Font */,
			);
			path = lsgram;
			sourceTree = "<group>";
		};
		65A6789621D3760600EB72AE /* Network */ = {
			isa = PBXGroup;
			children = (
				65A6789721D3763B00EB72AE /* LSGram.swift */,
				65F3E07D21D63F7F0036B620 /* Imgur.swift */,
				65A6789921D3785000EB72AE /* RequestHandler.swift */,
			);
			path = Network;
			sourceTree = "<group>";
		};
		C303F01521D2CE2B00892EB4 /* Storyboard */ = {
			isa = PBXGroup;
			children = (
				C306550421DD455300B9235B /* Access.storyboard */,
				C306550121DD454600B9235B /* Login.storyboard */,
				65159B6021A05AE200DAE44C /* Main.storyboard */,
				65159B6521A05AE300DAE44C /* LaunchScreen.storyboard */,
			);
			path = Storyboard;
			sourceTree = "<group>";
		};
		C303F01621D2D1E000892EB4 /* ViewController */ = {
			isa = PBXGroup;
			children = (
				65159B5E21A05AE200DAE44C /* PostViewController.swift */,
				C3A4DDD321D1328700B43DF8 /* AccessViewController.swift */,
				C303F01321D2CE1B00892EB4 /* LoginAccessViewController.swift */,
				C303F01721D2DAEB00892EB4 /* LoginViewController.swift */,
				C303F01921D2DB0F00892EB4 /* RegisterViewController.swift */,
				657F74AF21D4CEF00002B90B /* RecentPostsController.swift */,
				657F74B321D4D00E0002B90B /* PostCellController.swift */,
				C347CAF721D4F768003FDF3D /* MapViewController.swift */,
				C347CAFB21D5544D003FDF3D /* PostDetailsViewController.swift */,
				6568855F21D66C630031EF66 /* NoInternetCellController.swift */,
				65CFF5D221D784E7006763D8 /* RecentPostsController+Util.swift */,
				C3B99D1021D7EC25005B9A37 /* CameraViewController.swift */,
				C3B99D1221D82B8E005B9A37 /* PreviewViewController.swift */,
				65F3454621DD1DDE006C1921 /* SettingsThingView.swift */,
			);
			path = ViewController;
			sourceTree = "<group>";
		};
		C303F01B21D2EF1100892EB4 /* Extensions */ = {
			isa = PBXGroup;
			children = (
				65CFF5D421D7866F006763D8 /* UIStackView+Util.swift */,
				65A6789B21D381EA00EB72AE /* UIViewController+Alert.swift */,
				C347CAF921D53CC9003FDF3D /* MapViewController+Location.swift */,
				C347CAFD21D57CD0003FDF3D /* PostDetailsViewController+Location.swift */,
				C30654FB21DBEBD400B9235B /* UIView+Tap.swift */,
				C30654FD21DD02DE00B9235B /* UIImage+Orientation.swift */,
				C306551721DD4A7300B9235B /* String+Localize.swift */,
			);
			path = Extensions;
			sourceTree = "<group>";
		};
		C347CB0421D5902B003FDF3D /* Util */ = {
			isa = PBXGroup;
			children = (
				651990B721D80ADE00256EC9 /* PostMapPoint.swift */,
				C347CB0521D5902B003FDF3D /* PostList.swift */,
				C347CB0621D5902B003FDF3D /* CachedPost+PostItem.swift */,
				C347CB0721D5902B003FDF3D /* PostItem.swift */,
				C347CB0821D5902B003FDF3D /* PostJSON.swift */,
				65162A5221D6C0E0007A3BFF /* FollowingRefresh.swift */,
				65162A5421D6C14B007A3BFF /* FollowingList.swift */,
				65162A5621D6D801007A3BFF /* FollowSubscriber.swift */,
			);
			name = Util;
			path = lsgram/Util;
			sourceTree = SOURCE_ROOT;
		};
		C3B99D1421D833EE005B9A37 /* Listeners */ = {
			isa = PBXGroup;
			children = (
				C3B99D1721D834D9005B9A37 /* MorePhotosListener.swift */,
				C3CDBAE221D94E2E000AD57B /* RefreshListener.swift */,
			);
			path = Listeners;
			sourceTree = "<group>";
		};
		C3C6386521D374A000CA2CF6 /* Font */ = {
			isa = PBXGroup;
			children = (
				C3C6386621D374F600CA2CF6 /* Pacifico.ttf */,
			);
			path = Font;
			sourceTree = "<group>";
		};
		DA7A8E7EF43F237BBDE33B7B /* Frameworks */ = {
			isa = PBXGroup;
			children = (
				E1BB5D3737F7F0AF1C52694B /* Pods_lsgram.framework */,
			);
			name = Frameworks;
			sourceTree = "<group>";
		};
/* End PBXGroup section */

/* Begin PBXNativeTarget section */
		65159B5821A05AE200DAE44C /* lsgram */ = {
			isa = PBXNativeTarget;
			buildConfigurationList = 65159B6B21A05AE300DAE44C /* Build configuration list for PBXNativeTarget "lsgram" */;
			buildPhases = (
				C03109DAAD97A3ED5123C3A9 /* [CP] Check Pods Manifest.lock */,
				65159B5521A05AE200DAE44C /* Sources */,
				65159B5621A05AE200DAE44C /* Frameworks */,
				65159B5721A05AE200DAE44C /* Resources */,
				09D0E77BA03BC9004E7F0FD6 /* [CP] Embed Pods Frameworks */,
			);
			buildRules = (
			);
			dependencies = (
			);
			name = lsgram;
			productName = lsgram;
			productReference = 65159B5921A05AE200DAE44C /* lsgram.app */;
			productType = "com.apple.product-type.application";
		};
/* End PBXNativeTarget section */

/* Begin PBXProject section */
		65159B5121A05AE200DAE44C /* Project object */ = {
			isa = PBXProject;
			attributes = {
				LastSwiftUpdateCheck = 1000;
				LastUpgradeCheck = 1000;
				ORGANIZATIONNAME = Daniel;
				TargetAttributes = {
					65159B5821A05AE200DAE44C = {
						CreatedOnToolsVersion = 10.0;
					};
				};
			};
			buildConfigurationList = 65159B5421A05AE200DAE44C /* Build configuration list for PBXProject "lsgram" */;
			compatibilityVersion = "Xcode 9.3";
			developmentRegion = en;
			hasScannedForEncodings = 0;
			knownRegions = (
				en,
				Base,
			);
			mainGroup = 65159B5021A05AE200DAE44C;
			productRefGroup = 65159B5A21A05AE200DAE44C /* Products */;
			projectDirPath = "";
			projectRoot = "";
			targets = (
				65159B5821A05AE200DAE44C /* lsgram */,
			);
		};
/* End PBXProject section */

/* Begin PBXResourcesBuildPhase section */
		65159B5721A05AE200DAE44C /* Resources */ = {
			isa = PBXResourcesBuildPhase;
			buildActionMask = 2147483647;
			files = (
				65159B6721A05AE300DAE44C /* LaunchScreen.storyboard in Resources */,
				C30654FF21DD454600B9235B /* Login.storyboard in Resources */,
				C3C6386721D374F600CA2CF6 /* Pacifico.ttf in Resources */,
				C306551321DD49CD00B9235B /* Localizable.strings in Resources */,
				C306550221DD455300B9235B /* Access.storyboard in Resources */,
				65159B6421A05AE300DAE44C /* Assets.xcassets in Resources */,
				65159B6221A05AE200DAE44C /* Main.storyboard in Resources */,
			);
			runOnlyForDeploymentPostprocessing = 0;
		};
/* End PBXResourcesBuildPhase section */

/* Begin PBXShellScriptBuildPhase section */
		09D0E77BA03BC9004E7F0FD6 /* [CP] Embed Pods Frameworks */ = {
			isa = PBXShellScriptBuildPhase;
			buildActionMask = 2147483647;
			files = (
			);
			inputFileListPaths = (
			);
			inputPaths = (
				"${SRCROOT}/Pods/Target Support Files/Pods-lsgram/Pods-lsgram-frameworks.sh",
				"${BUILT_PRODUCTS_DIR}/Alamofire/Alamofire.framework",
				"${BUILT_PRODUCTS_DIR}/AlamofireImage/AlamofireImage.framework",
				"${BUILT_PRODUCTS_DIR}/INSPhotoGallery/INSPhotoGallery.framework",
				"${BUILT_PRODUCTS_DIR}/ImageSlideshow/ImageSlideshow.framework",
				"${BUILT_PRODUCTS_DIR}/JGProgressHUD/JGProgressHUD.framework",
				"${BUILT_PRODUCTS_DIR}/JVFloatLabeledTextField/JVFloatLabeledTextField.framework",
				"${BUILT_PRODUCTS_DIR}/KMPlaceholderTextView/KMPlaceholderTextView.framework",
				"${BUILT_PRODUCTS_DIR}/OpalImagePicker/OpalImagePicker.framework",
				"${BUILT_PRODUCTS_DIR}/SwiftyJSON/SwiftyJSON.framework",
			);
			name = "[CP] Embed Pods Frameworks";
			outputFileListPaths = (
			);
			outputPaths = (
				"${TARGET_BUILD_DIR}/${FRAMEWORKS_FOLDER_PATH}/Alamofire.framework",
				"${TARGET_BUILD_DIR}/${FRAMEWORKS_FOLDER_PATH}/AlamofireImage.framework",
				"${TARGET_BUILD_DIR}/${FRAMEWORKS_FOLDER_PATH}/INSPhotoGallery.framework",
				"${TARGET_BUILD_DIR}/${FRAMEWORKS_FOLDER_PATH}/ImageSlideshow.framework",
				"${TARGET_BUILD_DIR}/${FRAMEWORKS_FOLDER_PATH}/JGProgressHUD.framework",
				"${TARGET_BUILD_DIR}/${FRAMEWORKS_FOLDER_PATH}/JVFloatLabeledTextField.framework",
				"${TARGET_BUILD_DIR}/${FRAMEWORKS_FOLDER_PATH}/KMPlaceholderTextView.framework",
				"${TARGET_BUILD_DIR}/${FRAMEWORKS_FOLDER_PATH}/OpalImagePicker.framework",
				"${TARGET_BUILD_DIR}/${FRAMEWORKS_FOLDER_PATH}/SwiftyJSON.framework",
			);
			runOnlyForDeploymentPostprocessing = 0;
			shellPath = /bin/sh;
			shellScript = "\"${SRCROOT}/Pods/Target Support Files/Pods-lsgram/Pods-lsgram-frameworks.sh\"\n";
			showEnvVarsInLog = 0;
		};
		C03109DAAD97A3ED5123C3A9 /* [CP] Check Pods Manifest.lock */ = {
			isa = PBXShellScriptBuildPhase;
			buildActionMask = 2147483647;
			files = (
			);
			inputFileListPaths = (
			);
			inputPaths = (
				"${PODS_PODFILE_DIR_PATH}/Podfile.lock",
				"${PODS_ROOT}/Manifest.lock",
			);
			name = "[CP] Check Pods Manifest.lock";
			outputFileListPaths = (
			);
			outputPaths = (
				"$(DERIVED_FILE_DIR)/Pods-lsgram-checkManifestLockResult.txt",
			);
			runOnlyForDeploymentPostprocessing = 0;
			shellPath = /bin/sh;
			shellScript = "diff \"${PODS_PODFILE_DIR_PATH}/Podfile.lock\" \"${PODS_ROOT}/Manifest.lock\" > /dev/null\nif [ $? != 0 ] ; then\n    # print error to STDERR\n    echo \"error: The sandbox is not in sync with the Podfile.lock. Run 'pod install' or update your CocoaPods installation.\" >&2\n    exit 1\nfi\n# This output is used by Xcode 'outputs' to avoid re-running this script phase.\necho \"SUCCESS\" > \"${SCRIPT_OUTPUT_FILE_0}\"\n";
			showEnvVarsInLog = 0;
		};
/* End PBXShellScriptBuildPhase section */

/* Begin PBXSourcesBuildPhase section */
		65159B5521A05AE200DAE44C /* Sources */ = {
			isa = PBXSourcesBuildPhase;
			buildActionMask = 2147483647;
			files = (
				65CFF5D521D7866F006763D8 /* UIStackView+Util.swift in Sources */,
				C3B99D1821D834D9005B9A37 /* MorePhotosListener.swift in Sources */,
				65CFF5D321D784E7006763D8 /* RecentPostsController+Util.swift in Sources */,
				C347CB0A21D5902B003FDF3D /* CachedPost+PostItem.swift in Sources */,
				C347CB0B21D5902B003FDF3D /* PostItem.swift in Sources */,
				C347CB0921D5902B003FDF3D /* PostList.swift in Sources */,
				C30654FC21DBEBD400B9235B /* UIView+Tap.swift in Sources */,
				C303F01A21D2DB0F00892EB4 /* RegisterViewController.swift in Sources */,
				C3A4DDD421D1328700B43DF8 /* AccessViewController.swift in Sources */,
				C347CAFA21D53CC9003FDF3D /* MapViewController+Location.swift in Sources */,
				65159B5F21A05AE200DAE44C /* PostViewController.swift in Sources */,
				C347CAFC21D5544D003FDF3D /* PostDetailsViewController.swift in Sources */,
				65162A5321D6C0E0007A3BFF /* FollowingRefresh.swift in Sources */,
				C3B99D1121D7EC25005B9A37 /* CameraViewController.swift in Sources */,
				65F3E07E21D63F7F0036B620 /* Imgur.swift in Sources */,
				657F74B021D4CEF00002B90B /* RecentPostsController.swift in Sources */,
				C347CB1221D591CF003FDF3D /* lsgram.xcdatamodeld in Sources */,
				657F74B421D4D00E0002B90B /* PostCellController.swift in Sources */,
				C347CB0C21D5902B003FDF3D /* PostJSON.swift in Sources */,
				C303F01421D2CE1B00892EB4 /* LoginAccessViewController.swift in Sources */,
				651990B821D80ADE00256EC9 /* PostMapPoint.swift in Sources */,
				C30654FE21DD02DE00B9235B /* UIImage+Orientation.swift in Sources */,
				65A6789C21D381EA00EB72AE /* UIViewController+Alert.swift in Sources */,
				65162A5521D6C14B007A3BFF /* FollowingList.swift in Sources */,
				6568856021D66C630031EF66 /* NoInternetCellController.swift in Sources */,
				C3B99D1321D82B8E005B9A37 /* PreviewViewController.swift in Sources */,
				65162A5721D6D801007A3BFF /* FollowSubscriber.swift in Sources */,
				C347CAFE21D57CD0003FDF3D /* PostDetailsViewController+Location.swift in Sources */,
				C306551821DD4A7300B9235B /* String+Localize.swift in Sources */,
				C3CDBAE321D94E2E000AD57B /* RefreshListener.swift in Sources */,
				65A6789A21D3785000EB72AE /* RequestHandler.swift in Sources */,
				65A6789821D3763B00EB72AE /* LSGram.swift in Sources */,
				65F3454721DD1DDE006C1921 /* SettingsThingView.swift in Sources */,
				C303F01821D2DAEB00892EB4 /* LoginViewController.swift in Sources */,
				65159B5D21A05AE200DAE44C /* AppDelegate.swift in Sources */,
				C347CAF821D4F768003FDF3D /* MapViewController.swift in Sources */,
			);
			runOnlyForDeploymentPostprocessing = 0;
		};
/* End PBXSourcesBuildPhase section */

/* Begin PBXVariantGroup section */
		65159B6021A05AE200DAE44C /* Main.storyboard */ = {
			isa = PBXVariantGroup;
			children = (
				65159B6121A05AE200DAE44C /* Base */,
				C306550721DD456700B9235B /* es */,
				C306550A21DD46DE00B9235B /* en */,
			);
			name = Main.storyboard;
			sourceTree = "<group>";
		};
		65159B6521A05AE300DAE44C /* LaunchScreen.storyboard */ = {
			isa = PBXVariantGroup;
			children = (
				65159B6621A05AE300DAE44C /* Base */,
				C306550821DD456800B9235B /* es */,
				C306551021DD46F700B9235B /* en */,
			);
			name = LaunchScreen.storyboard;
			sourceTree = "<group>";
		};
		C306550121DD454600B9235B /* Login.storyboard */ = {
			isa = PBXVariantGroup;
			children = (
				C306550021DD454600B9235B /* Base */,
				C306550621DD456700B9235B /* es */,
				C306550C21DD46EC00B9235B /* en */,
			);
			name = Login.storyboard;
			sourceTree = "<group>";
		};
		C306550421DD455300B9235B /* Access.storyboard */ = {
			isa = PBXVariantGroup;
			children = (
				C306550321DD455300B9235B /* Base */,
				C306550521DD456700B9235B /* es */,
				C306550E21DD46F100B9235B /* en */,
			);
			name = Access.storyboard;
			sourceTree = "<group>";
		};
		C306551521DD49CD00B9235B /* Localizable.strings */ = {
			isa = PBXVariantGroup;
			children = (
				C306551421DD49CD00B9235B /* es */,
				C306551621DD49D000B9235B /* en */,
			);
			name = Localizable.strings;
			sourceTree = "<group>";
		};
/* End PBXVariantGroup section */

/* Begin XCBuildConfiguration section */
		65159B6921A05AE300DAE44C /* Debug */ = {
			isa = XCBuildConfiguration;
			buildSettings = {
				ALWAYS_SEARCH_USER_PATHS = NO;
				CLANG_ANALYZER_LOCALIZABILITY_NONLOCALIZED = YES;
				CLANG_ANALYZER_NONNULL = YES;
				CLANG_ANALYZER_NUMBER_OBJECT_CONVERSION = YES_AGGRESSIVE;
				CLANG_CXX_LANGUAGE_STANDARD = "gnu++14";
				CLANG_CXX_LIBRARY = "libc++";
				CLANG_ENABLE_MODULES = YES;
				CLANG_ENABLE_OBJC_ARC = YES;
				CLANG_ENABLE_OBJC_WEAK = YES;
				CLANG_WARN_BLOCK_CAPTURE_AUTORELEASING = YES;
				CLANG_WARN_BOOL_CONVERSION = YES;
				CLANG_WARN_COMMA = YES;
				CLANG_WARN_CONSTANT_CONVERSION = YES;
				CLANG_WARN_DEPRECATED_OBJC_IMPLEMENTATIONS = YES;
				CLANG_WARN_DIRECT_OBJC_ISA_USAGE = YES_ERROR;
				CLANG_WARN_DOCUMENTATION_COMMENTS = YES;
				CLANG_WARN_EMPTY_BODY = YES;
				CLANG_WARN_ENUM_CONVERSION = YES;
				CLANG_WARN_INFINITE_RECURSION = YES;
				CLANG_WARN_INT_CONVERSION = YES;
				CLANG_WARN_NON_LITERAL_NULL_CONVERSION = YES;
				CLANG_WARN_OBJC_IMPLICIT_RETAIN_SELF = YES;
				CLANG_WARN_OBJC_LITERAL_CONVERSION = YES;
				CLANG_WARN_OBJC_ROOT_CLASS = YES_ERROR;
				CLANG_WARN_RANGE_LOOP_ANALYSIS = YES;
				CLANG_WARN_STRICT_PROTOTYPES = YES;
				CLANG_WARN_SUSPICIOUS_MOVE = YES;
				CLANG_WARN_UNGUARDED_AVAILABILITY = YES_AGGRESSIVE;
				CLANG_WARN_UNREACHABLE_CODE = YES;
				CLANG_WARN__DUPLICATE_METHOD_MATCH = YES;
				CODE_SIGN_IDENTITY = "iPhone Developer";
				COPY_PHASE_STRIP = NO;
				DEBUG_INFORMATION_FORMAT = dwarf;
				ENABLE_STRICT_OBJC_MSGSEND = YES;
				ENABLE_TESTABILITY = YES;
				GCC_C_LANGUAGE_STANDARD = gnu11;
				GCC_DYNAMIC_NO_PIC = NO;
				GCC_NO_COMMON_BLOCKS = YES;
				GCC_OPTIMIZATION_LEVEL = 0;
				GCC_PREPROCESSOR_DEFINITIONS = (
					"DEBUG=1",
					"$(inherited)",
				);
				GCC_WARN_64_TO_32_BIT_CONVERSION = YES;
				GCC_WARN_ABOUT_RETURN_TYPE = YES_ERROR;
				GCC_WARN_UNDECLARED_SELECTOR = YES;
				GCC_WARN_UNINITIALIZED_AUTOS = YES_AGGRESSIVE;
				GCC_WARN_UNUSED_FUNCTION = YES;
				GCC_WARN_UNUSED_VARIABLE = YES;
				IPHONEOS_DEPLOYMENT_TARGET = 11.0;
				MTL_ENABLE_DEBUG_INFO = INCLUDE_SOURCE;
				MTL_FAST_MATH = YES;
				ONLY_ACTIVE_ARCH = YES;
				SDKROOT = iphoneos;
				SWIFT_ACTIVE_COMPILATION_CONDITIONS = DEBUG;
				SWIFT_OPTIMIZATION_LEVEL = "-Onone";
			};
			name = Debug;
		};
		65159B6A21A05AE300DAE44C /* Release */ = {
			isa = XCBuildConfiguration;
			buildSettings = {
				ALWAYS_SEARCH_USER_PATHS = NO;
				CLANG_ANALYZER_LOCALIZABILITY_NONLOCALIZED = YES;
				CLANG_ANALYZER_NONNULL = YES;
				CLANG_ANALYZER_NUMBER_OBJECT_CONVERSION = YES_AGGRESSIVE;
				CLANG_CXX_LANGUAGE_STANDARD = "gnu++14";
				CLANG_CXX_LIBRARY = "libc++";
				CLANG_ENABLE_MODULES = YES;
				CLANG_ENABLE_OBJC_ARC = YES;
				CLANG_ENABLE_OBJC_WEAK = YES;
				CLANG_WARN_BLOCK_CAPTURE_AUTORELEASING = YES;
				CLANG_WARN_BOOL_CONVERSION = YES;
				CLANG_WARN_COMMA = YES;
				CLANG_WARN_CONSTANT_CONVERSION = YES;
				CLANG_WARN_DEPRECATED_OBJC_IMPLEMENTATIONS = YES;
				CLANG_WARN_DIRECT_OBJC_ISA_USAGE = YES_ERROR;
				CLANG_WARN_DOCUMENTATION_COMMENTS = YES;
				CLANG_WARN_EMPTY_BODY = YES;
				CLANG_WARN_ENUM_CONVERSION = YES;
				CLANG_WARN_INFINITE_RECURSION = YES;
				CLANG_WARN_INT_CONVERSION = YES;
				CLANG_WARN_NON_LITERAL_NULL_CONVERSION = YES;
				CLANG_WARN_OBJC_IMPLICIT_RETAIN_SELF = YES;
				CLANG_WARN_OBJC_LITERAL_CONVERSION = YES;
				CLANG_WARN_OBJC_ROOT_CLASS = YES_ERROR;
				CLANG_WARN_RANGE_LOOP_ANALYSIS = YES;
				CLANG_WARN_STRICT_PROTOTYPES = YES;
				CLANG_WARN_SUSPICIOUS_MOVE = YES;
				CLANG_WARN_UNGUARDED_AVAILABILITY = YES_AGGRESSIVE;
				CLANG_WARN_UNREACHABLE_CODE = YES;
				CLANG_WARN__DUPLICATE_METHOD_MATCH = YES;
				CODE_SIGN_IDENTITY = "iPhone Developer";
				COPY_PHASE_STRIP = NO;
				DEBUG_INFORMATION_FORMAT = "dwarf-with-dsym";
				ENABLE_NS_ASSERTIONS = NO;
				ENABLE_STRICT_OBJC_MSGSEND = YES;
				GCC_C_LANGUAGE_STANDARD = gnu11;
				GCC_NO_COMMON_BLOCKS = YES;
				GCC_WARN_64_TO_32_BIT_CONVERSION = YES;
				GCC_WARN_ABOUT_RETURN_TYPE = YES_ERROR;
				GCC_WARN_UNDECLARED_SELECTOR = YES;
				GCC_WARN_UNINITIALIZED_AUTOS = YES_AGGRESSIVE;
				GCC_WARN_UNUSED_FUNCTION = YES;
				GCC_WARN_UNUSED_VARIABLE = YES;
				IPHONEOS_DEPLOYMENT_TARGET = 11.0;
				MTL_ENABLE_DEBUG_INFO = NO;
				MTL_FAST_MATH = YES;
				SDKROOT = iphoneos;
				SWIFT_COMPILATION_MODE = wholemodule;
				SWIFT_OPTIMIZATION_LEVEL = "-O";
				VALIDATE_PRODUCT = YES;
			};
			name = Release;
		};
		65159B6C21A05AE300DAE44C /* Debug */ = {
			isa = XCBuildConfiguration;
			baseConfigurationReference = 5A2D3A6805C98F5DB632DD93 /* Pods-lsgram.debug.xcconfig */;
			buildSettings = {
				ASSETCATALOG_COMPILER_APPICON_NAME = AppIcon;
				CODE_SIGN_STYLE = Automatic;
				DEVELOPMENT_TEAM = M2T4379R6J;
				INFOPLIST_FILE = lsgram/Info.plist;
				LD_RUNPATH_SEARCH_PATHS = (
					"$(inherited)",
					"@executable_path/Frameworks",
				);
				PRODUCT_BUNDLE_IDENTIFIER = salle.lsgram;
				PRODUCT_NAME = "$(TARGET_NAME)";
				SWIFT_VERSION = 4.2;
				TARGETED_DEVICE_FAMILY = "1,2";
			};
			name = Debug;
		};
		65159B6D21A05AE300DAE44C /* Release */ = {
			isa = XCBuildConfiguration;
			baseConfigurationReference = 6D31BBA54480D54F5E934FCC /* Pods-lsgram.release.xcconfig */;
			buildSettings = {
				ASSETCATALOG_COMPILER_APPICON_NAME = AppIcon;
				CODE_SIGN_STYLE = Automatic;
				DEVELOPMENT_TEAM = M2T4379R6J;
				INFOPLIST_FILE = lsgram/Info.plist;
				LD_RUNPATH_SEARCH_PATHS = (
					"$(inherited)",
					"@executable_path/Frameworks",
				);
				PRODUCT_BUNDLE_IDENTIFIER = salle.lsgram;
				PRODUCT_NAME = "$(TARGET_NAME)";
				SWIFT_VERSION = 4.2;
				TARGETED_DEVICE_FAMILY = "1,2";
			};
			name = Release;
		};
/* End XCBuildConfiguration section */

/* Begin XCConfigurationList section */
		65159B5421A05AE200DAE44C /* Build configuration list for PBXProject "lsgram" */ = {
			isa = XCConfigurationList;
			buildConfigurations = (
				65159B6921A05AE300DAE44C /* Debug */,
				65159B6A21A05AE300DAE44C /* Release */,
			);
			defaultConfigurationIsVisible = 0;
			defaultConfigurationName = Release;
		};
		65159B6B21A05AE300DAE44C /* Build configuration list for PBXNativeTarget "lsgram" */ = {
			isa = XCConfigurationList;
			buildConfigurations = (
				65159B6C21A05AE300DAE44C /* Debug */,
				65159B6D21A05AE300DAE44C /* Release */,
			);
			defaultConfigurationIsVisible = 0;
			defaultConfigurationName = Release;
		};
/* End XCConfigurationList section */

/* Begin XCVersionGroup section */
		C347CB1021D591CF003FDF3D /* lsgram.xcdatamodeld */ = {
			isa = XCVersionGroup;
			children = (
				C347CB1121D591CF003FDF3D /* lsgram.xcdatamodel */,
			);
			currentVersion = C347CB1121D591CF003FDF3D /* lsgram.xcdatamodel */;
			path = lsgram.xcdatamodeld;
			sourceTree = "<group>";
			versionGroupType = wrapper.xcdatamodel;
		};
/* End XCVersionGroup section */
	};
	rootObject = 65159B5121A05AE200DAE44C /* Project object */;
}
